<Project xmlns="http://schemas.microsoft.com/developer/msbuild/2003">
    <PropertyGroup>
        <ProjectGuid>{8CDF8D6C-617B-4264-8F3B-2E63B8FB356F}</ProjectGuid>
        <ProjectVersion>15.4</ProjectVersion>
        <FrameworkType>VCL</FrameworkType>
        <Base>True</Base>
        <Config Condition="'$(Config)'==''">Debug</Config>
        <Platform Condition="'$(Platform)'==''">Win32</Platform>
        <TargetedPlatforms>1</TargetedPlatforms>
        <AppType>Console</AppType>
        <MainSource>ledapravoTests.dpr</MainSource>
    </PropertyGroup>
    <PropertyGroup Condition="'$(Config)'=='Base' or '$(Base)'!=''">
        <Base>true</Base>
    </PropertyGroup>
    <PropertyGroup Condition="('$(Platform)'=='OSX32' and '$(Base)'=='true') or '$(Base_OSX32)'!=''">
        <Base_OSX32>true</Base_OSX32>
        <CfgParent>Base</CfgParent>
        <Base>true</Base>
    </PropertyGroup>
    <PropertyGroup Condition="('$(Platform)'=='Win32' and '$(Base)'=='true') or '$(Base_Win32)'!=''">
        <Base_Win32>true</Base_Win32>
        <CfgParent>Base</CfgParent>
        <Base>true</Base>
    </PropertyGroup>
    <PropertyGroup Condition="('$(Platform)'=='Win64' and '$(Base)'=='true') or '$(Base_Win64)'!=''">
        <Base_Win64>true</Base_Win64>
        <CfgParent>Base</CfgParent>
        <Base>true</Base>
    </PropertyGroup>
    <PropertyGroup Condition="'$(Config)'=='Debug' or '$(Cfg_1)'!=''">
        <Cfg_1>true</Cfg_1>
        <CfgParent>Base</CfgParent>
        <Base>true</Base>
    </PropertyGroup>
    <PropertyGroup Condition="('$(Platform)'=='Win32' and '$(Cfg_1)'=='true') or '$(Cfg_1_Win32)'!=''">
        <Cfg_1_Win32>true</Cfg_1_Win32>
        <CfgParent>Cfg_1</CfgParent>
        <Cfg_1>true</Cfg_1>
        <Base>true</Base>
    </PropertyGroup>
    <PropertyGroup Condition="'$(Config)'=='Release' or '$(Cfg_2)'!=''">
        <Cfg_2>true</Cfg_2>
        <CfgParent>Base</CfgParent>
        <Base>true</Base>
    </PropertyGroup>
    <PropertyGroup Condition="'$(Base)'!=''">
        <SanitizedProjectName>ledapravoTests</SanitizedProjectName>
        <DCC_Define>_CONSOLE_TESTRUNNER;$(DCC_Define)</DCC_Define>
        <DCC_Namespace>System;Xml;Data;Datasnap;Web;Soap;Vcl;Vcl.Imaging;Vcl.Touch;Vcl.Samples;Vcl.Shell;$(DCC_Namespace)</DCC_Namespace>
        <DCC_UnitSearchPath>$(BDS)\Source\DUnit\src;$(DCC_UnitSearchPath)</DCC_UnitSearchPath>
        <DCC_DcuOutput>.</DCC_DcuOutput>
        <DCC_ExeOutput>.\$(Platform)\$(Config)</DCC_ExeOutput>
        <DCC_E>false</DCC_E>
        <DCC_N>false</DCC_N>
        <DCC_S>false</DCC_S>
        <DCC_F>false</DCC_F>
        <DCC_K>false</DCC_K>
    </PropertyGroup>
    <PropertyGroup Condition="'$(Base_OSX32)'!=''">
        <DCC_UsePackage>FireDACSqliteDriver;FlexCel_Core;FireDACDSDriver;DBXSqliteDriver;FireDACPgDriver;fmx;IndySystem;tethering;DBXInterBaseDriver;DataSnapClient;DataSnapCommon;DbxCommonDriver;dbxcds;fmxFireDAC;CustomIPTransport;dsnap;IndyIPServer;fmxase;IndyCore;IndyIPCommon;CloudService;FmxTeeUI;FireDACIBDriver;DataSnapFireDAC;FireDACDBXDriver;soapserver;inetdbxpress;dsnapxml;FireDACInfxDriver;FireDACDb2Driver;FireDACASADriver;bindcompfmx;FireDACODBCDriver;RESTBackendComponents;rtl;dbrtl;DbxClientDriver;FireDACCommon;bindcomp;inetdb;FlexCel_Render;xmlrtl;ibxpress;IndyProtocols;DBXMySQLDriver;FireDACCommonDriver;bindengine;bindcompdbx;soaprtl;FMXTee;FlexCel_Pdf;FireDACADSDriver;FireDACMSSQLDriver;FireDAC;inet;fmxobj;FireDACMySQLDriver;soapmidas;FireDACOracleDriver;fmxdae;RESTComponents;FlexCel_XlsAdapter;FireDACMSAccDriver;dbexpress;IndyIPClient;$(DCC_UsePackage)</DCC_UsePackage>
    </PropertyGroup>
    <PropertyGroup Condition="'$(Base_Win32)'!=''">
        <DCC_Namespace>Winapi;System.Win;Data.Win;Datasnap.Win;Web.Win;Soap.Win;Xml.Win;Bde;$(DCC_Namespace)</DCC_Namespace>
        <DCC_UsePackage>frxe20;frxIBX20;FireDACSqliteDriver;FlexCel_Core;FireDACDSDriver;xf40_d_xe6;DBXSqliteDriver;FireDACPgDriver;fmx;IndySystem;TeeDB;tethering;inetdbbde;vclib;DBXInterBaseDriver;DataSnapClient;DataSnapCommon;VCL_FlexCel_Components_DESIGN;DbxCommonDriver;VCL_FlexCel_Components;vclimg;dbxcds;MetropolisUILiveTile;vklib_xe6;SynEdit_RXE6;tmsscripter_xe6;vcldb;vcldsnap;EhLibADODataDrivers200;fmxFireDAC;CustomIPTransport;vclribbon;dsnap;IndyIPServer;fbintf;EhLibBDEDataDrivers200;fmxase;vcl;IndyCore;dbgridehvkd_xe6;IndyIPCommon;CloudService;CodeSiteExpressPkg;FmxTeeUI;FireDACIBDriver;FIBPlus_D20;DataSnapFireDAC;FireDACDBXDriver;soapserver;inetdbxpress;frxTee20;fsTee20;fsIBX20;dsnapxml;FireDACInfxDriver;FireDACDb2Driver;EhLib200;UIBD_XE6R;EhLibIBXDataDrivers200;adortl;frxDB20;madBasic_;vkuib;FireDACASADriver;superobjects_xe6;rtcSDKXE6;bindcompfmx;frx20;fsADO20;vcldbx;frxIntIO20;FireDACODBCDriver;RESTBackendComponents;rtl;dbrtl;DbxClientDriver;FireDACCommon;bindcomp;inetdb;Tee;ControlsCepEx_xe6;vclFireDAC;FlexCel_Render;frxDBX20;madDisAsm_;xmlrtl;svnui;ibxpress;IndyProtocols;DBXMySQLDriver;attabs_package_delphi;FireDACCommonDriver;adsdxe6studio;bindengine;vclactnband;bindcompdbx;soaprtl;FMXTee;TeeUI;bindcompvcl;VCL_FlexCel_Core;FlexCel_Pdf;vkdialogs_xe6;vclie;vkfib200;madExcept_;FireDACADSDriver;vcltouch;VclSmp;FireDACMSSQLDriver;FireDAC;VCLRESTComponents;rtcSDK_DBAXE6;frxIntIOIndy20;vkcomponents_xe6;tmsscripterfmx_xe6;tmsscriptervcl_xe6;dsnapcon;fsDB20;inet;fmxobj;FireDACMySQLDriver;soapmidas;vclx;fs20;svn;FireDACOracleDriver;fmxdae;RESTComponents;synapseXE6;FlexCel_XlsAdapter;bdertl;VirtualTreesR;EhLibDBXDataDrivers200;FireDACMSAccDriver;dbexpress;frxADO20;IndyIPClient;$(DCC_UsePackage)</DCC_UsePackage>
        <VerInfo_Keys>CompanyName=;FileDescription=;FileVersion=1.0.0.0;InternalName=;LegalCopyright=;LegalTrademarks=;OriginalFilename=;ProductName=;ProductVersion=1.0.0.0;Comments=</VerInfo_Keys>
        <VerInfo_Locale>1033</VerInfo_Locale>
    </PropertyGroup>
    <PropertyGroup Condition="'$(Base_Win64)'!=''">
        <DCC_UsePackage>FireDACSqliteDriver;FlexCel_Core;FireDACDSDriver;xf40_d_xe6;DBXSqliteDriver;FireDACPgDriver;fmx;IndySystem;TeeDB;tethering;vclib;DBXInterBaseDriver;DataSnapClient;DataSnapCommon;VCL_FlexCel_Components_DESIGN;DbxCommonDriver;VCL_FlexCel_Components;vclimg;dbxcds;MetropolisUILiveTile;vklib_xe6;SynEdit_RXE6;vcldb;vcldsnap;EhLibADODataDrivers200;fmxFireDAC;CustomIPTransport;vclribbon;dsnap;IndyIPServer;fbintf;EhLibBDEDataDrivers200;fmxase;vcl;IndyCore;dbgridehvkd_xe6;IndyIPCommon;CloudService;FmxTeeUI;FireDACIBDriver;FIBPlus_D20;DataSnapFireDAC;FireDACDBXDriver;soapserver;inetdbxpress;dsnapxml;FireDACInfxDriver;FireDACDb2Driver;EhLib200;UIBD_XE6R;EhLibIBXDataDrivers200;adortl;FireDACASADriver;rtcSDKXE6;bindcompfmx;FireDACODBCDriver;RESTBackendComponents;rtl;dbrtl;DbxClientDriver;FireDACCommon;bindcomp;inetdb;Tee;vclFireDAC;FlexCel_Render;xmlrtl;ibxpress;IndyProtocols;DBXMySQLDriver;FireDACCommonDriver;bindengine;vclactnband;bindcompdbx;soaprtl;FMXTee;TeeUI;bindcompvcl;VCL_FlexCel_Core;FlexCel_Pdf;vkdialogs_xe6;vclie;FireDACADSDriver;vcltouch;VclSmp;FireDACMSSQLDriver;FireDAC;VCLRESTComponents;vkcomponents_xe6;dsnapcon;inet;fmxobj;FireDACMySQLDriver;soapmidas;vclx;FireDACOracleDriver;fmxdae;RESTComponents;FlexCel_XlsAdapter;VirtualTreesR;EhLibDBXDataDrivers200;FireDACMSAccDriver;dbexpress;IndyIPClient;$(DCC_UsePackage)</DCC_UsePackage>
    </PropertyGroup>
    <PropertyGroup Condition="'$(Cfg_1)'!=''">
        <DCC_Define>DEBUG;$(DCC_Define)</DCC_Define>
        <DCC_DebugDCUs>true</DCC_DebugDCUs>
        <DCC_Optimize>false</DCC_Optimize>
        <DCC_GenerateStackFrames>true</DCC_GenerateStackFrames>
        <DCC_DebugInfoInExe>true</DCC_DebugInfoInExe>
        <DCC_RemoteDebug>true</DCC_RemoteDebug>
    </PropertyGroup>
    <PropertyGroup Condition="'$(Cfg_1_Win32)'!=''">
        <DCC_RemoteDebug>false</DCC_RemoteDebug>
    </PropertyGroup>
    <PropertyGroup Condition="'$(Cfg_2)'!=''">
        <DCC_LocalDebugSymbols>false</DCC_LocalDebugSymbols>
        <DCC_Define>RELEASE;$(DCC_Define)</DCC_Define>
        <DCC_SymbolReferenceInfo>0</DCC_SymbolReferenceInfo>
        <DCC_DebugInformation>0</DCC_DebugInformation>
    </PropertyGroup>
    <ItemGroup>
        <DelphiCompile Include="$(MainSource)">
            <MainSource>MainSource</MainSource>
        </DelphiCompile>
        <DCCReference Include="Unit1.pas">
            <Form>Form1</Form>
            <FormType>dfm</FormType>
        </DCCReference>
        <DCCReference Include="Testcommoninterface.pas"/>
        <DCCReference Include="..\..\..\SERVER\COMMON\INTERFACE\commoninterface.pas"/>
        <DCCReference Include="..\..\..\SERVER\COMMON\INTERFACE\ServerDocSqlManager.pas"/>
        <BuildConfiguration Include="Release">
            <Key>Cfg_2</Key>
            <CfgParent>Base</CfgParent>
        </BuildConfiguration>
        <BuildConfiguration Include="Base">
            <Key>Base</Key>
        </BuildConfiguration>
        <BuildConfiguration Include="Debug">
            <Key>Cfg_1</Key>
            <CfgParent>Base</CfgParent>
        </BuildConfiguration>
    </ItemGroup>
    <ProjectExtensions>
        <Borland.Personality>Delphi.Personality.12</Borland.Personality>
        <Borland.ProjectType/>
        <BorlandProject>
            <Delphi.Personality>
                <Source>
                    <Source Name="MainSource">ledapravoTests.dpr</Source>
                </Source>
            </Delphi.Personality>
            <Deployment/>
            <Platforms>
                <Platform value="OSX32">False</Platform>
                <Platform value="Win32">True</Platform>
                <Platform value="Win64">False</Platform>
            </Platforms>
            <UnitTesting>
                <TestFramework>DUnit / Delphi Win32</TestFramework>
                <TestRunner>GUI</TestRunner>
                <SourceProjectName>D:\DELPHI_XE6\MyDelphi\VERAPRO\CLIENT\LEDAPRAVO\ledapravo.dproj</SourceProjectName>
                <TestProjectName/>
            </UnitTesting>
        </BorlandProject>
        <ProjectFileVersion>12</ProjectFileVersion>
    </ProjectExtensions>
    <Import Project="$(BDS)\Bin\CodeGear.Delphi.Targets" Condition="Exists('$(BDS)\Bin\CodeGear.Delphi.Targets')"/>
    <Import Project="$(APPDATA)\Embarcadero\$(BDSAPPDATABASEDIR)\$(PRODUCTVERSION)\UserTools.proj" Condition="Exists('$(APPDATA)\Embarcadero\$(BDSAPPDATABASEDIR)\$(PRODUCTVERSION)\UserTools.proj')"/>
</Project>
