<Project xmlns="http://schemas.microsoft.com/developer/msbuild/2003">
    <PropertyGroup>
        <ProjectGuid>{05DAC90A-422D-4CD4-B86D-419A49E852DF}</ProjectGuid>
        <ProjectVersion>15.4</ProjectVersion>
        <FrameworkType>VCL</FrameworkType>
        <MainSource>ledapravo.dpr</MainSource>
        <Base>True</Base>
        <Config Condition="'$(Config)'==''">Debug</Config>
        <Platform Condition="'$(Platform)'==''">Win32</Platform>
        <TargetedPlatforms>1</TargetedPlatforms>
        <AppType>Application</AppType>
    </PropertyGroup>
    <PropertyGroup Condition="'$(Config)'=='Base' or '$(Base)'!=''">
        <Base>true</Base>
    </PropertyGroup>
    <PropertyGroup Condition="('$(Platform)'=='Win32' and '$(Base)'=='true') or '$(Base_Win32)'!=''">
        <Base_Win32>true</Base_Win32>
        <CfgParent>Base</CfgParent>
        <Base>true</Base>
    </PropertyGroup>
    <PropertyGroup Condition="('$(Platform)'=='Win64' and '$(Base)'=='true') or '$(Base_Win64)'!=''">
        <Base_Win64>true</Base_Win64>
        <CfgParent>Base</CfgParent>
        <Base>true</Base>
    </PropertyGroup>
    <PropertyGroup Condition="'$(Config)'=='Debug' or '$(Cfg_1)'!=''">
        <Cfg_1>true</Cfg_1>
        <CfgParent>Base</CfgParent>
        <Base>true</Base>
    </PropertyGroup>
    <PropertyGroup Condition="('$(Platform)'=='Win32' and '$(Cfg_1)'=='true') or '$(Cfg_1_Win32)'!=''">
        <Cfg_1_Win32>true</Cfg_1_Win32>
        <CfgParent>Cfg_1</CfgParent>
        <Cfg_1>true</Cfg_1>
        <Base>true</Base>
    </PropertyGroup>
    <PropertyGroup Condition="'$(Config)'=='Release' or '$(Cfg_2)'!=''">
        <Cfg_2>true</Cfg_2>
        <CfgParent>Base</CfgParent>
        <Base>true</Base>
    </PropertyGroup>
    <PropertyGroup Condition="'$(Base)'!=''">
        <DCC_UnitSearchPath>$(BDS)\Source\DUnit\src;$(DCC_UnitSearchPath)</DCC_UnitSearchPath>
        <Icon_MainIcon>$(BDS)\bin\delphi_PROJECTICON.ico</Icon_MainIcon>
        <DCC_Namespace>System;Xml;Data;Datasnap;Web;Soap;Vcl;Vcl.Imaging;Vcl.Touch;Vcl.Samples;Vcl.Shell;$(DCC_Namespace)</DCC_Namespace>
        <SanitizedProjectName>ledapravo</SanitizedProjectName>
        <DCC_DcuOutput>.\$(Platform)\$(Config)</DCC_DcuOutput>
        <DCC_ExeOutput>.\$(Platform)\$(Config)</DCC_ExeOutput>
        <DCC_E>false</DCC_E>
        <DCC_N>false</DCC_N>
        <DCC_S>false</DCC_S>
        <DCC_F>false</DCC_F>
        <DCC_K>false</DCC_K>
    </PropertyGroup>
    <PropertyGroup Condition="'$(Base_Win32)'!=''">
        <VerInfo_Locale>1033</VerInfo_Locale>
        <VerInfo_IncludeVerInfo>true</VerInfo_IncludeVerInfo>
        <DCC_Namespace>Winapi;System.Win;Data.Win;Datasnap.Win;Web.Win;Soap.Win;Xml.Win;Bde;$(DCC_Namespace)</DCC_Namespace>
        <DCC_UsePackage>frxe20;frxIBX20;FireDACSqliteDriver;FlexCel_Core;FireDACDSDriver;xf40_d_xe6;DBXSqliteDriver;FireDACPgDriver;fmx;IndySystem;TeeDB;tethering;inetdbbde;vclib;DBXInterBaseDriver;DataSnapClient;DataSnapCommon;VCL_FlexCel_Components_DESIGN;DbxCommonDriver;VCL_FlexCel_Components;vclimg;dbxcds;MetropolisUILiveTile;vklib_xe6;SynEdit_RXE6;tmsscripter_xe6;vcldb;vcldsnap;EhLibADODataDrivers200;fmxFireDAC;CustomIPTransport;vclribbon;dsnap;IndyIPServer;fbintf;dbgridehvkd_xe6;fmxase;vcl;IndyCore;EhLibBDEDataDrivers200;IndyIPCommon;CloudService;CodeSiteExpressPkg;FmxTeeUI;FireDACIBDriver;FIBPlus_D20;DataSnapFireDAC;FireDACDBXDriver;soapserver;inetdbxpress;frxTee20;fsTee20;fsIBX20;dsnapxml;FireDACInfxDriver;FireDACDb2Driver;EhLib200;UIBD_XE6R;EhLibIBXDataDrivers200;adortl;frxDB20;madBasic_;vkuib;FireDACASADriver;superobjects_xe6;rtcSDKXE6;bindcompfmx;frx20;fsADO20;vcldbx;frxIntIO20;FireDACODBCDriver;RESTBackendComponents;rtl;dbrtl;DbxClientDriver;FireDACCommon;bindcomp;inetdb;Tee;ControlsCepEx_xe6;vclFireDAC;FlexCel_Render;frxDBX20;madDisAsm_;xmlrtl;svnui;ibxpress;IndyProtocols;DBXMySQLDriver;attabs_package_delphi;FireDACCommonDriver;adsdxe6studio;bindengine;vclactnband;bindcompdbx;soaprtl;FMXTee;TeeUI;bindcompvcl;VCL_FlexCel_Core;FlexCel_Pdf;vkdialogs_xe6;vclie;vkfib200;madExcept_;FireDACADSDriver;vcltouch;VclSmp;FireDACMSSQLDriver;FireDAC;VCLRESTComponents;rtcSDK_DBAXE6;frxIntIOIndy20;vkcomponents_xe6;tmsscripterfmx_xe6;tmsscriptervcl_xe6;dsnapcon;fsDB20;inet;fmxobj;FireDACMySQLDriver;soapmidas;vclx;fs20;svn;FireDACOracleDriver;fmxdae;RESTComponents;synapseXE6;FlexCel_XlsAdapter;bdertl;EhLibDBXDataDrivers200;VirtualTreesR;FireDACMSAccDriver;dbexpress;frxADO20;IndyIPClient;$(DCC_UsePackage)</DCC_UsePackage>
        <Manifest_File>$(BDS)\bin\default_app.manifest</Manifest_File>
        <VerInfo_Keys>CompanyName=;FileDescription=;FileVersion=1.0.0.0;InternalName=;LegalCopyright=;LegalTrademarks=;OriginalFilename=;ProductName=;ProductVersion=1.0.0.0;Comments=</VerInfo_Keys>
    </PropertyGroup>
    <PropertyGroup Condition="'$(Base_Win64)'!=''">
        <DCC_UsePackage>FireDACSqliteDriver;FlexCel_Core;FireDACDSDriver;xf40_d_xe6;DBXSqliteDriver;FireDACPgDriver;fmx;IndySystem;TeeDB;tethering;vclib;DBXInterBaseDriver;DataSnapClient;DataSnapCommon;VCL_FlexCel_Components_DESIGN;DbxCommonDriver;VCL_FlexCel_Components;vclimg;dbxcds;MetropolisUILiveTile;vklib_xe6;SynEdit_RXE6;vcldb;vcldsnap;EhLibADODataDrivers200;fmxFireDAC;CustomIPTransport;vclribbon;dsnap;IndyIPServer;fbintf;dbgridehvkd_xe6;fmxase;vcl;IndyCore;EhLibBDEDataDrivers200;IndyIPCommon;CloudService;FmxTeeUI;FireDACIBDriver;FIBPlus_D20;DataSnapFireDAC;FireDACDBXDriver;soapserver;inetdbxpress;dsnapxml;FireDACInfxDriver;FireDACDb2Driver;EhLib200;UIBD_XE6R;EhLibIBXDataDrivers200;adortl;FireDACASADriver;rtcSDKXE6;bindcompfmx;FireDACODBCDriver;RESTBackendComponents;rtl;dbrtl;DbxClientDriver;FireDACCommon;bindcomp;inetdb;Tee;vclFireDAC;FlexCel_Render;xmlrtl;ibxpress;IndyProtocols;DBXMySQLDriver;FireDACCommonDriver;bindengine;vclactnband;bindcompdbx;soaprtl;FMXTee;TeeUI;bindcompvcl;VCL_FlexCel_Core;FlexCel_Pdf;vkdialogs_xe6;vclie;FireDACADSDriver;vcltouch;VclSmp;FireDACMSSQLDriver;FireDAC;VCLRESTComponents;vkcomponents_xe6;dsnapcon;inet;fmxobj;FireDACMySQLDriver;soapmidas;vclx;FireDACOracleDriver;fmxdae;RESTComponents;FlexCel_XlsAdapter;EhLibDBXDataDrivers200;VirtualTreesR;FireDACMSAccDriver;dbexpress;IndyIPClient;$(DCC_UsePackage)</DCC_UsePackage>
    </PropertyGroup>
    <PropertyGroup Condition="'$(Cfg_1)'!=''">
        <DCC_Define>DEBUG;$(DCC_Define)</DCC_Define>
        <DCC_DebugDCUs>true</DCC_DebugDCUs>
        <DCC_Optimize>false</DCC_Optimize>
        <DCC_GenerateStackFrames>true</DCC_GenerateStackFrames>
        <DCC_DebugInfoInExe>true</DCC_DebugInfoInExe>
        <DCC_RemoteDebug>true</DCC_RemoteDebug>
    </PropertyGroup>
    <PropertyGroup Condition="'$(Cfg_1_Win32)'!=''">
        <DCC_Define>FORCE_WIDE_STRING;$(DCC_Define)</DCC_Define>
        <Debugger_RunParams>ADMIN ADMIN</Debugger_RunParams>
        <DCC_DcuOutput>..\..\RUN\LEDAPRAVO\DCU\$(Platform)\$(Config)</DCC_DcuOutput>
        <DCC_ExeOutput>..\..\RUN\LEDAPRAVO\$(Platform)\$(Config)</DCC_ExeOutput>
        <VerInfo_IncludeVerInfo>true</VerInfo_IncludeVerInfo>
        <VerInfo_Locale>1033</VerInfo_Locale>
        <DCC_RemoteDebug>false</DCC_RemoteDebug>
    </PropertyGroup>
    <PropertyGroup Condition="'$(Cfg_2)'!=''">
        <DCC_LocalDebugSymbols>false</DCC_LocalDebugSymbols>
        <DCC_Define>RELEASE;$(DCC_Define)</DCC_Define>
        <DCC_SymbolReferenceInfo>0</DCC_SymbolReferenceInfo>
        <DCC_DebugInformation>0</DCC_DebugInformation>
    </PropertyGroup>
    <ItemGroup>
        <DelphiCompile Include="$(MainSource)">
            <MainSource>MainSource</MainSource>
        </DelphiCompile>
        <DCCReference Include="FmMain.pas">
            <Form>MainFm</Form>
            <FormType>dfm</FormType>
        </DCCReference>
        <DCCReference Include="..\..\..\LIB\menustructure.pas"/>
        <DCCReference Include="..\..\..\LIB\SettingsStorage.pas"/>
        <DCCReference Include="..\..\..\LIB\uLog.pas"/>
        <DCCReference Include="..\..\SERVER\COMMON\INTERFACE\commoninterface.pas"/>
        <DCCReference Include="..\COMMON\DmMainRtc.pas">
            <Form>MainRtcDm</Form>
            <FormType>dfm</FormType>
            <DesignClass>TDataModule</DesignClass>
        </DCCReference>
        <DCCReference Include="..\COMMON\RTC\RtcQueryDataSet.pas"/>
        <DCCReference Include="..\COMMON\RTC\RtcSqlQuery.pas"/>
        <DCCReference Include="..\COMMON\TABS\FrameTab.pas">
            <Form>TabFrame</Form>
            <FormType>dfm</FormType>
            <DesignClass>TFrame</DesignClass>
        </DCCReference>
        <DCCReference Include="..\COMMON\TABS\tabManagerPanel.pas"/>
        <DCCReference Include="..\COMMON\systemconsts.pas"/>
        <DCCReference Include="..\COMMON\DOCS\RTC\rtc.dmDoc.pas">
            <Form>DocDm</Form>
            <FormType>dfm</FormType>
            <DesignClass>TDataModule</DesignClass>
        </DCCReference>
        <DCCReference Include="..\COMMON\DOCS\RTC\rtc.docbinding.pas"/>
        <DCCReference Include="..\COMMON\DOCS\RTC\rtc.fmCustomDoc.pas"/>
        <DCCReference Include="..\COMMON\DOCS\RTC\rtc.framedoc.pas">
            <Form>DocFrame</Form>
            <FormType>dfm</FormType>
            <DesignClass>TFrame</DesignClass>
        </DCCReference>
        <DCCReference Include="..\..\..\LIB\FORMS\fmhopedialogform.pas">
            <Form>HopeDialogFormFm</Form>
        </DCCReference>
        <DCCReference Include="..\..\..\LIB\FORMS\fmhopeform.pas">
            <Form>HopeFormFm</Form>
        </DCCReference>
        <DCCReference Include="..\..\..\LIB\FORMS\fmLoginRtc.pas">
            <Form>LoginFm</Form>
        </DCCReference>
        <DCCReference Include="..\..\..\LIB\FORMS\FmSelectDbAlias.pas"/>
        <DCCReference Include="..\COMMON\DOCS\vkdocinstance.pas"/>
        <DCCReference Include="..\COMMON\DOCS\DocSqlManager.pas"/>
        <DCCReference Include="..\COMMON\DOCS\uDocDescription.pas"/>
        <DCCReference Include="..\COMMON\DOCS\fmSetupForm.pas">
            <Form>SetUpFormFm</Form>
        </DCCReference>
        <DCCReference Include="..\COMMON\RTC\RtcFuncResult.pas"/>
        <DCCReference Include="..\COMMON\DOCS\docManagerPanel.pas"/>
        <DCCReference Include="DOCS\DmTestDoc.pas">
            <Form>TestDocDm</Form>
            <FormType>dfm</FormType>
            <DesignClass>TDataModule</DesignClass>
        </DCCReference>
        <DCCReference Include="DOCS\FrameTestDoc.pas">
            <Form>TestDocFrame</Form>
            <FormType>dfm</FormType>
            <DesignClass>TFrame</DesignClass>
        </DCCReference>
        <DCCReference Include="..\..\SERVER\COMMON\INTERFACE\ClientDocSqlManager.pas"/>
        <DCCReference Include="DOCS\MENUSTRU\frameMenuStru.pas">
            <Form>MenuStruFrame</Form>
            <FormType>dfm</FormType>
            <DesignClass>TFrame</DesignClass>
        </DCCReference>
        <DCCReference Include="DOCS\MENUSTRU\DmMenuStru.pas">
            <Form>MenuStruDm</Form>
            <FormType>dfm</FormType>
            <DesignClass>TDataModule</DesignClass>
        </DCCReference>
        <DCCReference Include="..\COMMON\DOCS\ATTRIBUTES\dmAttributes.pas">
            <Form>AttributesDm</Form>
            <FormType>dfm</FormType>
            <DesignClass>TDataModule</DesignClass>
        </DCCReference>
        <DCCReference Include="..\COMMON\DOCS\ATTRIBUTES\dmAttributesOfGroup.pas">
            <Form>AttributesOfGroupDm</Form>
            <FormType>dfm</FormType>
            <DesignClass>TDataModule</DesignClass>
        </DCCReference>
        <DCCReference Include="..\COMMON\DOCS\ATTRIBUTES\dmAttributesSet.pas">
            <Form>AttributesSetDm</Form>
            <FormType>dfm</FormType>
            <DesignClass>TDataModule</DesignClass>
        </DCCReference>
        <DCCReference Include="..\COMMON\DOCS\ATTRIBUTES\frameAttributes.pas">
            <Form>AttributesFrame</Form>
            <FormType>dfm</FormType>
            <DesignClass>TFrame</DesignClass>
        </DCCReference>
        <DCCReference Include="..\COMMON\DOCS\ATTRIBUTES\frameAttributesOfGroup.pas">
            <Form>AttributesOfGroupFrame</Form>
            <FormType>dfm</FormType>
            <DesignClass>TFrame</DesignClass>
        </DCCReference>
        <DCCReference Include="..\COMMON\DOCS\ATTRIBUTES\frameAttributesSet.pas">
            <Form>AttributesSetFrame</Form>
            <FormType>dfm</FormType>
            <DesignClass>TFrame</DesignClass>
        </DCCReference>
        <DCCReference Include="..\COMMON\DOCS\OBJECTS\dmObjects.pas">
            <Form>ObjectsDm</Form>
            <FormType>dfm</FormType>
            <DesignClass>TDataModule</DesignClass>
        </DCCReference>
        <DCCReference Include="..\COMMON\DOCS\OBJECTS\frameobjectsgr.pas">
            <Form>ObjectsGrFrame</Form>
            <FormType>dfm</FormType>
            <DesignClass>TFrame</DesignClass>
        </DCCReference>
        <DCCReference Include="..\COMMON\DOCS\OBJECTS\frameObjectsItems.pas">
            <Form>ObjectsItemsFrame</Form>
            <FormType>dfm</FormType>
            <DesignClass>TFrame</DesignClass>
        </DCCReference>
        <BuildConfiguration Include="Release">
            <Key>Cfg_2</Key>
            <CfgParent>Base</CfgParent>
        </BuildConfiguration>
        <BuildConfiguration Include="Base">
            <Key>Base</Key>
        </BuildConfiguration>
        <BuildConfiguration Include="Debug">
            <Key>Cfg_1</Key>
            <CfgParent>Base</CfgParent>
        </BuildConfiguration>
    </ItemGroup>
    <ProjectExtensions>
        <Borland.Personality>Delphi.Personality.12</Borland.Personality>
        <Borland.ProjectType/>
        <BorlandProject>
            <Delphi.Personality>
                <Source>
                    <Source Name="MainSource">ledapravo.dpr</Source>
                </Source>
                <Excluded_Packages>
                    <Excluded_Packages Name="C:\Users\Public\Documents\Embarcadero\Studio\14.0\Bpl\EhLib200.bpl">EhLib 9.4</Excluded_Packages>
                    <Excluded_Packages Name="$(BDSBIN)\dcloffice2k200.bpl">Microsoft Office 2000 Sample Automation Server Wrapper Components</Excluded_Packages>
                    <Excluded_Packages Name="$(BDSBIN)\dclofficexp200.bpl">Microsoft Office XP Sample Automation Server Wrapper Components</Excluded_Packages>
                </Excluded_Packages>
            </Delphi.Personality>
            <Deployment/>
            <Platforms>
                <Platform value="Win32">True</Platform>
                <Platform value="Win64">False</Platform>
            </Platforms>
            <UnitTesting>
                <TestProjectName>D:\DELPHI_XE6\MyDelphi\VERAPRO\CLIENT\LEDAPRAVO\Test\ledapravoTests.dproj</TestProjectName>
            </UnitTesting>
        </BorlandProject>
        <ProjectFileVersion>12</ProjectFileVersion>
    </ProjectExtensions>
    <Import Project="$(BDS)\Bin\CodeGear.Delphi.Targets" Condition="Exists('$(BDS)\Bin\CodeGear.Delphi.Targets')"/>
    <Import Project="$(APPDATA)\Embarcadero\$(BDSAPPDATABASEDIR)\$(PRODUCTVERSION)\UserTools.proj" Condition="Exists('$(APPDATA)\Embarcadero\$(BDSAPPDATABASEDIR)\$(PRODUCTVERSION)\UserTools.proj')"/>
</Project>
